
Microsoft Visual Studio Solution File, Format Version 12.00
# Visual Studio Version 17
VisualStudioVersion = 17.6.33723.286
MinimumVisualStudioVersion = 10.0.40219.1
Project("{FAE04EC0-301F-11D3-BF4B-00C04F79EFBC}") = "AkademiPlusCQRS", "AkademiPlusCQRS\AkademiPlusCQRS.csproj", "{2B95ED11-5154-4D11-B0D6-7EC851A7D745}"
EndProject
Global
	GlobalSection(SolutionConfigurationPlatforms) = preSolution
		Debug|Any CPU = Debug|Any CPU
		Release|Any CPU = Release|Any CPU
	EndGlobalSection
	GlobalSection(ProjectConfigurationPlatforms) = postSolution
		{2B95ED11-5154-4D11-B0D6-7EC851A7D745}.Debug|Any CPU.ActiveCfg = Debug|Any CPU
		{2B95ED11-5154-4D11-B0D6-7EC851A7D745}.Debug|Any CPU.Build.0 = Debug|Any CPU
		{2B95ED11-5154-4D11-B0D6-7EC851A7D745}.Release|Any CPU.ActiveCfg = Release|Any CPU
		{2B95ED11-5154-4D11-B0D6-7EC851A7D745}.Release|Any CPU.Build.0 = Release|Any CPU
	EndGlobalSection
	GlobalSection(SolutionProperties) = preSolution
		HideSolutionNode = FALSE
	EndGlobalSection
	GlobalSection(ExtensibilityGlobals) = postSolution
		SolutionGuid = {9015A8BA-C8F9-45A6-9BBD-EE459C48851E}
	EndGlobalSection
EndGlobal
